// !$*UTF8*$!
{
	archiveVersion = 1;
	classes = {
	};
	objectVersion = 46;
	objects = {

/* Begin PBXBuildFile section */
		2D6611181D4EF2BD00C3AF86 /* LYUtilities.h in Headers */ = {isa = PBXBuildFile; fileRef = 2D6611171D4EF2BD00C3AF86 /* LYUtilities.h */; settings = {ATTRIBUTES = (Public, ); }; };
		2D66111F1D4EF2BD00C3AF86 /* LYUtilities.framework in Frameworks */ = {isa = PBXBuildFile; fileRef = 2D6611141D4EF2BD00C3AF86 /* LYUtilities.framework */; };
		2D6611241D4EF2BD00C3AF86 /* LYUtilitiesTests.m in Sources */ = {isa = PBXBuildFile; fileRef = 2D6611231D4EF2BD00C3AF86 /* LYUtilitiesTests.m */; };
		2D6611311D4F13F900C3AF86 /* NSObject+LYJSON.h in Headers */ = {isa = PBXBuildFile; fileRef = 2D66112F1D4F13F900C3AF86 /* NSObject+LYJSON.h */; };
		2D6611321D4F13F900C3AF86 /* NSObject+LYJSON.m in Sources */ = {isa = PBXBuildFile; fileRef = 2D6611301D4F13F900C3AF86 /* NSObject+LYJSON.m */; };
		2D6611351D4F160900C3AF86 /* NSString+LYUtilities.h in Headers */ = {isa = PBXBuildFile; fileRef = 2D6611331D4F160900C3AF86 /* NSString+LYUtilities.h */; };
		2D6611361D4F160900C3AF86 /* NSString+LYUtilities.m in Sources */ = {isa = PBXBuildFile; fileRef = 2D6611341D4F160900C3AF86 /* NSString+LYUtilities.m */; };
		2D6611391D4F161500C3AF86 /* NSData+LYUtilities.h in Headers */ = {isa = PBXBuildFile; fileRef = 2D6611371D4F161500C3AF86 /* NSData+LYUtilities.h */; };
		2D66113A1D4F161500C3AF86 /* NSData+LYUtilities.m in Sources */ = {isa = PBXBuildFile; fileRef = 2D6611381D4F161500C3AF86 /* NSData+LYUtilities.m */; };
		2D66113E1D4F1AB600C3AF86 /* LYLogger.h in Headers */ = {isa = PBXBuildFile; fileRef = 2D66113C1D4F1AB600C3AF86 /* LYLogger.h */; };
		2D66113F1D4F1AB600C3AF86 /* LYLogger.m in Sources */ = {isa = PBXBuildFile; fileRef = 2D66113D1D4F1AB600C3AF86 /* LYLogger.m */; };
		2D6611441D5070BF00C3AF86 /* NSURL+LYUtilities.h in Headers */ = {isa = PBXBuildFile; fileRef = 2D6611421D5070BF00C3AF86 /* NSURL+LYUtilities.h */; };
		2D6611451D5070BF00C3AF86 /* NSURL+LYUtilities.m in Sources */ = {isa = PBXBuildFile; fileRef = 2D6611431D5070BF00C3AF86 /* NSURL+LYUtilities.m */; };
		2D8B31051D51CF7D00B2F8CF /* UIView+LYUtilities.h in Headers */ = {isa = PBXBuildFile; fileRef = 2D8B31031D51CF7D00B2F8CF /* UIView+LYUtilities.h */; };
		2D8B31061D51CF7D00B2F8CF /* UIView+LYUtilities.m in Sources */ = {isa = PBXBuildFile; fileRef = 2D8B31041D51CF7D00B2F8CF /* UIView+LYUtilities.m */; };
		2DA0B0061D5B17D400F38F55 /* UIImage+LYUtilities.h in Headers */ = {isa = PBXBuildFile; fileRef = 2DA0B0041D5B17D400F38F55 /* UIImage+LYUtilities.h */; };
		2DA0B0071D5B17D400F38F55 /* UIImage+LYUtilities.m in Sources */ = {isa = PBXBuildFile; fileRef = 2DA0B0051D5B17D400F38F55 /* UIImage+LYUtilities.m */; };
		2DB3806A1D51EA2A00B21912 /* NSNumber+LYUtilities.h in Headers */ = {isa = PBXBuildFile; fileRef = 2DB380681D51EA2A00B21912 /* NSNumber+LYUtilities.h */; };
		2DB3806B1D51EA2A00B21912 /* NSNumber+LYUtilities.m in Sources */ = {isa = PBXBuildFile; fileRef = 2DB380691D51EA2A00B21912 /* NSNumber+LYUtilities.m */; };
		2DEFBA071D5C606F0018B601 /* UIAlertView+LYUtilities.h in Headers */ = {isa = PBXBuildFile; fileRef = 2DEFBA051D5C606F0018B601 /* UIAlertView+LYUtilities.h */; };
		2DEFBA081D5C606F0018B601 /* UIAlertView+LYUtilities.m in Sources */ = {isa = PBXBuildFile; fileRef = 2DEFBA061D5C606F0018B601 /* UIAlertView+LYUtilities.m */; };
/* End PBXBuildFile section */

/* Begin PBXContainerItemProxy section */
		2D6611201D4EF2BD00C3AF86 /* PBXContainerItemProxy */ = {
			isa = PBXContainerItemProxy;
			containerPortal = 2D66110B1D4EF2BD00C3AF86 /* Project object */;
			proxyType = 1;
			remoteGlobalIDString = 2D6611131D4EF2BD00C3AF86;
			remoteInfo = LYUtilities;
		};
/* End PBXContainerItemProxy section */

/* Begin PBXFileReference section */
		2D6611141D4EF2BD00C3AF86 /* LYUtilities.framework */ = {isa = PBXFileReference; explicitFileType = wrapper.framework; includeInIndex = 0; path = LYUtilities.framework; sourceTree = BUILT_PRODUCTS_DIR; };
		2D6611171D4EF2BD00C3AF86 /* LYUtilities.h */ = {isa = PBXFileReference; lastKnownFileType = sourcecode.c.h; path = LYUtilities.h; sourceTree = "<group>"; };
		2D6611191D4EF2BD00C3AF86 /* Info.plist */ = {isa = PBXFileReference; lastKnownFileType = text.plist.xml; path = Info.plist; sourceTree = "<group>"; };
		2D66111E1D4EF2BD00C3AF86 /* LYUtilitiesTests.xctest */ = {isa = PBXFileReference; explicitFileType = wrapper.cfbundle; includeInIndex = 0; path = LYUtilitiesTests.xctest; sourceTree = BUILT_PRODUCTS_DIR; };
		2D6611231D4EF2BD00C3AF86 /* LYUtilitiesTests.m */ = {isa = PBXFileReference; lastKnownFileType = sourcecode.c.objc; path = LYUtilitiesTests.m; sourceTree = "<group>"; };
		2D6611251D4EF2BD00C3AF86 /* Info.plist */ = {isa = PBXFileReference; lastKnownFileType = text.plist.xml; path = Info.plist; sourceTree = "<group>"; };
		2D66112F1D4F13F900C3AF86 /* NSObject+LYJSON.h */ = {isa = PBXFileReference; fileEncoding = 4; lastKnownFileType = sourcecode.c.h; path = "NSObject+LYJSON.h"; sourceTree = "<group>"; };
		2D6611301D4F13F900C3AF86 /* NSObject+LYJSON.m */ = {isa = PBXFileReference; fileEncoding = 4; lastKnownFileType = sourcecode.c.objc; path = "NSObject+LYJSON.m"; sourceTree = "<group>"; };
		2D6611331D4F160900C3AF86 /* NSString+LYUtilities.h */ = {isa = PBXFileReference; fileEncoding = 4; lastKnownFileType = sourcecode.c.h; path = "NSString+LYUtilities.h"; sourceTree = "<group>"; };
		2D6611341D4F160900C3AF86 /* NSString+LYUtilities.m */ = {isa = PBXFileReference; fileEncoding = 4; lastKnownFileType = sourcecode.c.objc; path = "NSString+LYUtilities.m"; sourceTree = "<group>"; };
		2D6611371D4F161500C3AF86 /* NSData+LYUtilities.h */ = {isa = PBXFileReference; fileEncoding = 4; lastKnownFileType = sourcecode.c.h; path = "NSData+LYUtilities.h"; sourceTree = "<group>"; };
		2D6611381D4F161500C3AF86 /* NSData+LYUtilities.m */ = {isa = PBXFileReference; fileEncoding = 4; lastKnownFileType = sourcecode.c.objc; path = "NSData+LYUtilities.m"; sourceTree = "<group>"; };
		2D66113C1D4F1AB600C3AF86 /* LYLogger.h */ = {isa = PBXFileReference; fileEncoding = 4; lastKnownFileType = sourcecode.c.h; path = LYLogger.h; sourceTree = "<group>"; };
		2D66113D1D4F1AB600C3AF86 /* LYLogger.m */ = {isa = PBXFileReference; fileEncoding = 4; lastKnownFileType = sourcecode.c.objc; path = LYLogger.m; sourceTree = "<group>"; };
		2D6611411D4F1F2100C3AF86 /* LYMacros.h */ = {isa = PBXFileReference; lastKnownFileType = sourcecode.c.h; path = LYMacros.h; sourceTree = "<group>"; };
		2D6611421D5070BF00C3AF86 /* NSURL+LYUtilities.h */ = {isa = PBXFileReference; fileEncoding = 4; lastKnownFileType = sourcecode.c.h; path = "NSURL+LYUtilities.h"; sourceTree = "<group>"; };
		2D6611431D5070BF00C3AF86 /* NSURL+LYUtilities.m */ = {isa = PBXFileReference; fileEncoding = 4; lastKnownFileType = sourcecode.c.objc; path = "NSURL+LYUtilities.m"; sourceTree = "<group>"; };
		2D8B31031D51CF7D00B2F8CF /* UIView+LYUtilities.h */ = {isa = PBXFileReference; fileEncoding = 4; lastKnownFileType = sourcecode.c.h; path = "UIView+LYUtilities.h"; sourceTree = "<group>"; };
		2D8B31041D51CF7D00B2F8CF /* UIView+LYUtilities.m */ = {isa = PBXFileReference; fileEncoding = 4; lastKnownFileType = sourcecode.c.objc; path = "UIView+LYUtilities.m"; sourceTree = "<group>"; };
		2DA0B0041D5B17D400F38F55 /* UIImage+LYUtilities.h */ = {isa = PBXFileReference; fileEncoding = 4; lastKnownFileType = sourcecode.c.h; path = "UIImage+LYUtilities.h"; sourceTree = "<group>"; };
		2DA0B0051D5B17D400F38F55 /* UIImage+LYUtilities.m */ = {isa = PBXFileReference; fileEncoding = 4; lastKnownFileType = sourcecode.c.objc; path = "UIImage+LYUtilities.m"; sourceTree = "<group>"; };
		2DB380681D51EA2A00B21912 /* NSNumber+LYUtilities.h */ = {isa = PBXFileReference; fileEncoding = 4; lastKnownFileType = sourcecode.c.h; path = "NSNumber+LYUtilities.h"; sourceTree = "<group>"; };
		2DB380691D51EA2A00B21912 /* NSNumber+LYUtilities.m */ = {isa = PBXFileReference; fileEncoding = 4; lastKnownFileType = sourcecode.c.objc; path = "NSNumber+LYUtilities.m"; sourceTree = "<group>"; };
		2DEFBA051D5C606F0018B601 /* UIAlertView+LYUtilities.h */ = {isa = PBXFileReference; fileEncoding = 4; lastKnownFileType = sourcecode.c.h; path = "UIAlertView+LYUtilities.h"; sourceTree = "<group>"; };
		2DEFBA061D5C606F0018B601 /* UIAlertView+LYUtilities.m */ = {isa = PBXFileReference; fileEncoding = 4; lastKnownFileType = sourcecode.c.objc; path = "UIAlertView+LYUtilities.m"; sourceTree = "<group>"; };
/* End PBXFileReference section */

/* Begin PBXFrameworksBuildPhase section */
		2D6611101D4EF2BD00C3AF86 /* Frameworks */ = {
			isa = PBXFrameworksBuildPhase;
			buildActionMask = 2147483647;
			files = (
			);
			runOnlyForDeploymentPostprocessing = 0;
		};
		2D66111B1D4EF2BD00C3AF86 /* Frameworks */ = {
			isa = PBXFrameworksBuildPhase;
			buildActionMask = 2147483647;
			files = (
				2D66111F1D4EF2BD00C3AF86 /* LYUtilities.framework in Frameworks */,
			);
			runOnlyForDeploymentPostprocessing = 0;
		};
/* End PBXFrameworksBuildPhase section */

/* Begin PBXGroup section */
		2D66110A1D4EF2BD00C3AF86 = {
			isa = PBXGroup;
			children = (
				2D6611161D4EF2BD00C3AF86 /* LYUtilities */,
				2D6611221D4EF2BD00C3AF86 /* LYUtilitiesTests */,
				2D6611151D4EF2BD00C3AF86 /* Products */,
			);
			sourceTree = "<group>";
		};
		2D6611151D4EF2BD00C3AF86 /* Products */ = {
			isa = PBXGroup;
			children = (
				2D6611141D4EF2BD00C3AF86 /* LYUtilities.framework */,
				2D66111E1D4EF2BD00C3AF86 /* LYUtilitiesTests.xctest */,
			);
			name = Products;
			sourceTree = "<group>";
		};
		2D6611161D4EF2BD00C3AF86 /* LYUtilities */ = {
			isa = PBXGroup;
			children = (
				2D6611401D4F1DDB00C3AF86 /* Macros */,
				2D66113B1D4F1A8100C3AF86 /* Log */,
				2D66112E1D4F138A00C3AF86 /* Categorys */,
				2D6611171D4EF2BD00C3AF86 /* LYUtilities.h */,
				2D6611191D4EF2BD00C3AF86 /* Info.plist */,
			);
			path = LYUtilities;
			sourceTree = "<group>";
		};
		2D6611221D4EF2BD00C3AF86 /* LYUtilitiesTests */ = {
			isa = PBXGroup;
			children = (
				2D6611231D4EF2BD00C3AF86 /* LYUtilitiesTests.m */,
				2D6611251D4EF2BD00C3AF86 /* Info.plist */,
			);
			path = LYUtilitiesTests;
			sourceTree = "<group>";
		};
		2D66112E1D4F138A00C3AF86 /* Categorys */ = {
			isa = PBXGroup;
			children = (
				2D66112F1D4F13F900C3AF86 /* NSObject+LYJSON.h */,
				2D6611301D4F13F900C3AF86 /* NSObject+LYJSON.m */,
				2D6611331D4F160900C3AF86 /* NSString+LYUtilities.h */,
				2D6611341D4F160900C3AF86 /* NSString+LYUtilities.m */,
				2DB380681D51EA2A00B21912 /* NSNumber+LYUtilities.h */,
				2DB380691D51EA2A00B21912 /* NSNumber+LYUtilities.m */,
				2D6611371D4F161500C3AF86 /* NSData+LYUtilities.h */,
				2D6611381D4F161500C3AF86 /* NSData+LYUtilities.m */,
				2D6611421D5070BF00C3AF86 /* NSURL+LYUtilities.h */,
				2D6611431D5070BF00C3AF86 /* NSURL+LYUtilities.m */,
				2D8B31031D51CF7D00B2F8CF /* UIView+LYUtilities.h */,
				2D8B31041D51CF7D00B2F8CF /* UIView+LYUtilities.m */,
				2DA0B0041D5B17D400F38F55 /* UIImage+LYUtilities.h */,
				2DA0B0051D5B17D400F38F55 /* UIImage+LYUtilities.m */,
				2DEFBA051D5C606F0018B601 /* UIAlertView+LYUtilities.h */,
				2DEFBA061D5C606F0018B601 /* UIAlertView+LYUtilities.m */,
			);
			name = Categorys;
			sourceTree = "<group>";
		};
		2D66113B1D4F1A8100C3AF86 /* Log */ = {
			isa = PBXGroup;
			children = (
				2D66113C1D4F1AB600C3AF86 /* LYLogger.h */,
				2D66113D1D4F1AB600C3AF86 /* LYLogger.m */,
			);
			name = Log;
			sourceTree = "<group>";
		};
		2D6611401D4F1DDB00C3AF86 /* Macros */ = {
			isa = PBXGroup;
			children = (
				2D6611411D4F1F2100C3AF86 /* LYMacros.h */,
			);
			name = Macros;
			sourceTree = "<group>";
		};
/* End PBXGroup section */

/* Begin PBXHeadersBuildPhase section */
		2D6611111D4EF2BD00C3AF86 /* Headers */ = {
			isa = PBXHeadersBuildPhase;
			buildActionMask = 2147483647;
			files = (
				2D6611351D4F160900C3AF86 /* NSString+LYUtilities.h in Headers */,
				2D6611441D5070BF00C3AF86 /* NSURL+LYUtilities.h in Headers */,
				2DB3806A1D51EA2A00B21912 /* NSNumber+LYUtilities.h in Headers */,
				2D6611391D4F161500C3AF86 /* NSData+LYUtilities.h in Headers */,
				2DEFBA071D5C606F0018B601 /* UIAlertView+LYUtilities.h in Headers */,
				2D6611181D4EF2BD00C3AF86 /* LYUtilities.h in Headers */,
				2D66113E1D4F1AB600C3AF86 /* LYLogger.h in Headers */,
				2D6611311D4F13F900C3AF86 /* NSObject+LYJSON.h in Headers */,
				2D8B31051D51CF7D00B2F8CF /* UIView+LYUtilities.h in Headers */,
				2DA0B0061D5B17D400F38F55 /* UIImage+LYUtilities.h in Headers */,
			);
			runOnlyForDeploymentPostprocessing = 0;
		};
/* End PBXHeadersBuildPhase section */

/* Begin PBXNativeTarget section */
		2D6611131D4EF2BD00C3AF86 /* LYUtilities */ = {
			isa = PBXNativeTarget;
			buildConfigurationList = 2D6611281D4EF2BD00C3AF86 /* Build configuration list for PBXNativeTarget "LYUtilities" */;
			buildPhases = (
				2D66110F1D4EF2BD00C3AF86 /* Sources */,
				2D6611101D4EF2BD00C3AF86 /* Frameworks */,
				2D6611111D4EF2BD00C3AF86 /* Headers */,
				2D6611121D4EF2BD00C3AF86 /* Resources */,
			);
			buildRules = (
			);
			dependencies = (
			);
			name = LYUtilities;
			productName = LYUtilities;
			productReference = 2D6611141D4EF2BD00C3AF86 /* LYUtilities.framework */;
			productType = "com.apple.product-type.framework";
		};
		2D66111D1D4EF2BD00C3AF86 /* LYUtilitiesTests */ = {
			isa = PBXNativeTarget;
			buildConfigurationList = 2D66112B1D4EF2BD00C3AF86 /* Build configuration list for PBXNativeTarget "LYUtilitiesTests" */;
			buildPhases = (
				2D66111A1D4EF2BD00C3AF86 /* Sources */,
				2D66111B1D4EF2BD00C3AF86 /* Frameworks */,
				2D66111C1D4EF2BD00C3AF86 /* Resources */,
			);
			buildRules = (
			);
			dependencies = (
				2D6611211D4EF2BD00C3AF86 /* PBXTargetDependency */,
			);
			name = LYUtilitiesTests;
			productName = LYUtilitiesTests;
			productReference = 2D66111E1D4EF2BD00C3AF86 /* LYUtilitiesTests.xctest */;
			productType = "com.apple.product-type.bundle.unit-test";
		};
/* End PBXNativeTarget section */

/* Begin PBXProject section */
		2D66110B1D4EF2BD00C3AF86 /* Project object */ = {
			isa = PBXProject;
			attributes = {
				LastUpgradeCheck = 0730;
				ORGANIZATIONNAME = Hequnjie;
				TargetAttributes = {
					2D6611131D4EF2BD00C3AF86 = {
						CreatedOnToolsVersion = 7.3.1;
					};
					2D66111D1D4EF2BD00C3AF86 = {
						CreatedOnToolsVersion = 7.3.1;
					};
				};
			};
			buildConfigurationList = 2D66110E1D4EF2BD00C3AF86 /* Build configuration list for PBXProject "LYUtilities" */;
			compatibilityVersion = "Xcode 3.2";
			developmentRegion = English;
			hasScannedForEncodings = 0;
			knownRegions = (
				en,
			);
			mainGroup = 2D66110A1D4EF2BD00C3AF86;
			productRefGroup = 2D6611151D4EF2BD00C3AF86 /* Products */;
			projectDirPath = "";
			projectRoot = "";
			targets = (
				2D6611131D4EF2BD00C3AF86 /* LYUtilities */,
				2D66111D1D4EF2BD00C3AF86 /* LYUtilitiesTests */,
			);
		};
/* End PBXProject section */

/* Begin PBXResourcesBuildPhase section */
		2D6611121D4EF2BD00C3AF86 /* Resources */ = {
			isa = PBXResourcesBuildPhase;
			buildActionMask = 2147483647;
			files = (
			);
			runOnlyForDeploymentPostprocessing = 0;
		};
		2D66111C1D4EF2BD00C3AF86 /* Resources */ = {
			isa = PBXResourcesBuildPhase;
			buildActionMask = 2147483647;
			files = (
			);
			runOnlyForDeploymentPostprocessing = 0;
		};
/* End PBXResourcesBuildPhase section */

/* Begin PBXSourcesBuildPhase section */
		2D66110F1D4EF2BD00C3AF86 /* Sources */ = {
			isa = PBXSourcesBuildPhase;
			buildActionMask = 2147483647;
			files = (
				2DB3806B1D51EA2A00B21912 /* NSNumber+LYUtilities.m in Sources */,
				2D6611321D4F13F900C3AF86 /* NSObject+LYJSON.m in Sources */,
				2D6611361D4F160900C3AF86 /* NSString+LYUtilities.m in Sources */,
				2D8B31061D51CF7D00B2F8CF /* UIView+LYUtilities.m in Sources */,
				2D66113F1D4F1AB600C3AF86 /* LYLogger.m in Sources */,
				2DA0B0071D5B17D400F38F55 /* UIImage+LYUtilities.m in Sources */,
				2D6611451D5070BF00C3AF86 /* NSURL+LYUtilities.m in Sources */,
				2D66113A1D4F161500C3AF86 /* NSData+LYUtilities.m in Sources */,
				2DEFBA081D5C606F0018B601 /* UIAlertView+LYUtilities.m in Sources */,
			);
			runOnlyForDeploymentPostprocessing = 0;
		};
		2D66111A1D4EF2BD00C3AF86 /* Sources */ = {
			isa = PBXSourcesBuildPhase;
			buildActionMask = 2147483647;
			files = (
				2D6611241D4EF2BD00C3AF86 /* LYUtilitiesTests.m in Sources */,
			);
			runOnlyForDeploymentPostprocessing = 0;
		};
/* End PBXSourcesBuildPhase section */

/* Begin PBXTargetDependency section */
		2D6611211D4EF2BD00C3AF86 /* PBXTargetDependency */ = {
			isa = PBXTargetDependency;
			target = 2D6611131D4EF2BD00C3AF86 /* LYUtilities */;
			targetProxy = 2D6611201D4EF2BD00C3AF86 /* PBXContainerItemProxy */;
		};
/* End PBXTargetDependency section */

/* Begin XCBuildConfiguration section */
		2D6611261D4EF2BD00C3AF86 /* Debug */ = {
			isa = XCBuildConfiguration;
			buildSettings = {
				ALWAYS_SEARCH_USER_PATHS = NO;
				CLANG_ANALYZER_NONNULL = YES;
				CLANG_CXX_LANGUAGE_STANDARD = "gnu++0x";
				CLANG_CXX_LIBRARY = "libc++";
				CLANG_ENABLE_MODULES = YES;
				CLANG_ENABLE_OBJC_ARC = YES;
				CLANG_WARN_BOOL_CONVERSION = YES;
				CLANG_WARN_CONSTANT_CONVERSION = YES;
				CLANG_WARN_DIRECT_OBJC_ISA_USAGE = YES_ERROR;
				CLANG_WARN_EMPTY_BODY = YES;
				CLANG_WARN_ENUM_CONVERSION = YES;
				CLANG_WARN_INT_CONVERSION = YES;
				CLANG_WARN_OBJC_ROOT_CLASS = YES_ERROR;
				CLANG_WARN_UNREACHABLE_CODE = YES;
				CLANG_WARN__DUPLICATE_METHOD_MATCH = YES;
				"CODE_SIGN_IDENTITY[sdk=iphoneos*]" = "iPhone Developer";
				COPY_PHASE_STRIP = NO;
				CURRENT_PROJECT_VERSION = 1;
				DEBUG_INFORMATION_FORMAT = dwarf;
				ENABLE_STRICT_OBJC_MSGSEND = YES;
				ENABLE_TESTABILITY = YES;
				GCC_C_LANGUAGE_STANDARD = gnu99;
				GCC_DYNAMIC_NO_PIC = NO;
				GCC_NO_COMMON_BLOCKS = YES;
				GCC_OPTIMIZATION_LEVEL = 0;
				GCC_PREPROCESSOR_DEFINITIONS = (
					"DEBUG=1",
					"$(inherited)",
				);
				GCC_WARN_64_TO_32_BIT_CONVERSION = YES;
				GCC_WARN_ABOUT_RETURN_TYPE = YES_ERROR;
				GCC_WARN_UNDECLARED_SELECTOR = YES;
				GCC_WARN_UNINITIALIZED_AUTOS = YES_AGGRESSIVE;
				GCC_WARN_UNUSED_FUNCTION = YES;
				GCC_WARN_UNUSED_VARIABLE = YES;
				IPHONEOS_DEPLOYMENT_TARGET = 9.3;
				MTL_ENABLE_DEBUG_INFO = YES;
				ONLY_ACTIVE_ARCH = YES;
				SDKROOT = iphoneos;
				TARGETED_DEVICE_FAMILY = "1,2";
				VERSIONING_SYSTEM = "apple-generic";
				VERSION_INFO_PREFIX = "";
			};
			name = Debug;
		};
		2D6611271D4EF2BD00C3AF86 /* Release */ = {
			isa = XCBuildConfiguration;
			buildSettings = {
				ALWAYS_SEARCH_USER_PATHS = NO;
				CLANG_ANALYZER_NONNULL = YES;
				CLANG_CXX_LANGUAGE_STANDARD = "gnu++0x";
				CLANG_CXX_LIBRARY = "libc++";
				CLANG_ENABLE_MODULES = YES;
				CLANG_ENABLE_OBJC_ARC = YES;
				CLANG_WARN_BOOL_CONVERSION = YES;
				CLANG_WARN_CONSTANT_CONVERSION = YES;
				CLANG_WARN_DIRECT_OBJC_ISA_USAGE = YES_ERROR;
				CLANG_WARN_EMPTY_BODY = YES;
				CLANG_WARN_ENUM_CONVERSION = YES;
				CLANG_WARN_INT_CONVERSION = YES;
				CLANG_WARN_OBJC_ROOT_CLASS = YES_ERROR;
				CLANG_WARN_UNREACHABLE_CODE = YES;
				CLANG_WARN__DUPLICATE_METHOD_MATCH = YES;
				"CODE_SIGN_IDENTITY[sdk=iphoneos*]" = "iPhone Developer";
				COPY_PHASE_STRIP = NO;
				CURRENT_PROJECT_VERSION = 1;
				DEBUG_INFORMATION_FORMAT = "dwarf-with-dsym";
				ENABLE_NS_ASSERTIONS = NO;
				ENABLE_STRICT_OBJC_MSGSEND = YES;
				GCC_C_LANGUAGE_STANDARD = gnu99;
				GCC_NO_COMMON_BLOCKS = YES;
				GCC_WARN_64_TO_32_BIT_CONVERSION = YES;
				GCC_WARN_ABOUT_RETURN_TYPE = YES_ERROR;
				GCC_WARN_UNDECLARED_SELECTOR = YES;
				GCC_WARN_UNINITIALIZED_AUTOS = YES_AGGRESSIVE;
				GCC_WARN_UNUSED_FUNCTION = YES;
				GCC_WARN_UNUSED_VARIABLE = YES;
				IPHONEOS_DEPLOYMENT_TARGET = 9.3;
				MTL_ENABLE_DEBUG_INFO = NO;
				SDKROOT = iphoneos;
				TARGETED_DEVICE_FAMILY = "1,2";
				VALIDATE_PRODUCT = YES;
				VERSIONING_SYSTEM = "apple-generic";
				VERSION_INFO_PREFIX = "";
			};
			name = Release;
		};
		2D6611291D4EF2BD00C3AF86 /* Debug */ = {
			isa = XCBuildConfiguration;
			buildSettings = {
				DEFINES_MODULE = YES;
				DYLIB_COMPATIBILITY_VERSION = 1;
				DYLIB_CURRENT_VERSION = 1;
				DYLIB_INSTALL_NAME_BASE = "@rpath";
				INFOPLIST_FILE = LYUtilities/Info.plist;
				INSTALL_PATH = "$(LOCAL_LIBRARY_DIR)/Frameworks";
				IPHONEOS_DEPLOYMENT_TARGET = 7.0;
				LD_RUNPATH_SEARCH_PATHS = "$(inherited) @executable_path/Frameworks @loader_path/Frameworks";
				PRODUCT_BUNDLE_IDENTIFIER = Hequnjie.LYUtilities;
				PRODUCT_NAME = "$(TARGET_NAME)";
				SKIP_INSTALL = YES;
			};
			name = Debug;
		};
		2D66112A1D4EF2BD00C3AF86 /* Release */ = {
			isa = XCBuildConfiguration;
			buildSettings = {
				DEFINES_MODULE = YES;
				DYLIB_COMPATIBILITY_VERSION = 1;
				DYLIB_CURRENT_VERSION = 1;
				DYLIB_INSTALL_NAME_BASE = "@rpath";
				INFOPLIST_FILE = LYUtilities/Info.plist;
				INSTALL_PATH = "$(LOCAL_LIBRARY_DIR)/Frameworks";
				IPHONEOS_DEPLOYMENT_TARGET = 7.0;
				LD_RUNPATH_SEARCH_PATHS = "$(inherited) @executable_path/Frameworks @loader_path/Frameworks";
				PRODUCT_BUNDLE_IDENTIFIER = Hequnjie.LYUtilities;
				PRODUCT_NAME = "$(TARGET_NAME)";
				SKIP_INSTALL = YES;
			};
			name = Release;
		};
		2D66112C1D4EF2BD00C3AF86 /* Debug */ = {
			isa = XCBuildConfiguration;
			buildSettings = {
				INFOPLIST_FILE = LYUtilitiesTests/Info.plist;
				LD_RUNPATH_SEARCH_PATHS = "$(inherited) @executable_path/Frameworks @loader_path/Frameworks";
				PRODUCT_BUNDLE_IDENTIFIER = Hequnjie.LYUtilitiesTests;
				PRODUCT_NAME = "$(TARGET_NAME)";
			};
			name = Debug;
		};
		2D66112D1D4EF2BD00C3AF86 /* Release */ = {
			isa = XCBuildConfiguration;
			buildSettings = {
				INFOPLIST_FILE = LYUtilitiesTests/Info.plist;
				LD_RUNPATH_SEARCH_PATHS = "$(inherited) @executable_path/Frameworks @loader_path/Frameworks";
				PRODUCT_BUNDLE_IDENTIFIER = Hequnjie.LYUtilitiesTests;
				PRODUCT_NAME = "$(TARGET_NAME)";
			};
			name = Release;
		};
/* End XCBuildConfiguration section */

/* Begin XCConfigurationList section */
		2D66110E1D4EF2BD00C3AF86 /* Build configuration list for PBXProject "LYUtilities" */ = {
			isa = XCConfigurationList;
			buildConfigurations = (
				2D6611261D4EF2BD00C3AF86 /* Debug */,
				2D6611271D4EF2BD00C3AF86 /* Release */,
			);
			defaultConfigurationIsVisible = 0;
			defaultConfigurationName = Release;
		};
		2D6611281D4EF2BD00C3AF86 /* Build configuration list for PBXNativeTarget "LYUtilities" */ = {
			isa = XCConfigurationList;
			buildConfigurations = (
				2D6611291D4EF2BD00C3AF86 /* Debug */,
				2D66112A1D4EF2BD00C3AF86 /* Release */,
			);
			defaultConfigurationIsVisible = 0;
			defaultConfigurationName = Release;
		};
		2D66112B1D4EF2BD00C3AF86 /* Build configuration list for PBXNativeTarget "LYUtilitiesTests" */ = {
			isa = XCConfigurationList;
			buildConfigurations = (
				2D66112C1D4EF2BD00C3AF86 /* Debug */,
				2D66112D1D4EF2BD00C3AF86 /* Release */,
			);
			defaultConfigurationIsVisible = 0;
			defaultConfigurationName = Release;
		};
/* End XCConfigurationList section */
	};
	rootObject = 2D66110B1D4EF2BD00C3AF86 /* Project object */;
}
